
Microsoft Visual Studio Solution File, Format Version 12.00
# 17
VisualStudioVersion = 17.2.32516.85
MinimumVisualStudioVersion = 10.0.40219.1
Project("{FAE04EC0-301F-11D3-BF4B-00C04F79EFBC}") = "Gastos", "Gastos\Gastos.csproj", "{5BA10B0C-69E3-441B-B797-A10437FEBD33}"
EndProject
Project("{FAE04EC0-301F-11D3-BF4B-00C04F79EFBC}") = "Objeto", "Objeto\Objeto.csproj", "{88FBB441-D66A-4108-83C2-4C6AC4FF6B4A}"
EndProject
Project("{FAE04EC0-301F-11D3-BF4B-00C04F79EFBC}") = "Negocio", "Negocio\Negocio.csproj", "{4A2B911B-E0CC-4FB3-A701-5B856B324C11}"
EndProject
Project("{FAE04EC0-301F-11D3-BF4B-00C04F79EFBC}") = "Banco", "Banco\Banco.csproj", "{E75050EA-A708-46BE-9ACB-DC09E0518053}"
EndProject
Project("{FAE04EC0-301F-11D3-BF4B-00C04F79EFBC}") = "Criptografia", "Criptografia\Criptografia.csproj", "{A5A40D30-EA8B-4402-81D8-742D42720D7A}"
EndProject
Project("{FAE04EC0-301F-11D3-BF4B-00C04F79EFBC}") = "AcessarSistema", "AcessarSistema\AcessarSistema.csproj", "{85476D1B-7FAE-45C0-962E-5E9A36E7F32D}"
EndProject
Global
	GlobalSection(SolutionConfigurationPlatforms) = preSolution
		Debug|Any CPU = Debug|Any CPU
		Release|Any CPU = Release|Any CPU
	EndGlobalSection
	GlobalSection(ProjectConfigurationPlatforms) = postSolution
		{5BA10B0C-69E3-441B-B797-A10437FEBD33}.Debug|Any CPU.ActiveCfg = Debug|Any CPU
		{5BA10B0C-69E3-441B-B797-A10437FEBD33}.Debug|Any CPU.Build.0 = Debug|Any CPU
		{5BA10B0C-69E3-441B-B797-A10437FEBD33}.Release|Any CPU.ActiveCfg = Release|Any CPU
		{5BA10B0C-69E3-441B-B797-A10437FEBD33}.Release|Any CPU.Build.0 = Release|Any CPU
		{88FBB441-D66A-4108-83C2-4C6AC4FF6B4A}.Debug|Any CPU.ActiveCfg = Debug|Any CPU
		{88FBB441-D66A-4108-83C2-4C6AC4FF6B4A}.Debug|Any CPU.Build.0 = Debug|Any CPU
		{88FBB441-D66A-4108-83C2-4C6AC4FF6B4A}.Release|Any CPU.ActiveCfg = Release|Any CPU
		{88FBB441-D66A-4108-83C2-4C6AC4FF6B4A}.Release|Any CPU.Build.0 = Release|Any CPU
		{4A2B911B-E0CC-4FB3-A701-5B856B324C11}.Debug|Any CPU.ActiveCfg = Debug|Any CPU
		{4A2B911B-E0CC-4FB3-A701-5B856B324C11}.Debug|Any CPU.Build.0 = Debug|Any CPU
		{4A2B911B-E0CC-4FB3-A701-5B856B324C11}.Release|Any CPU.ActiveCfg = Release|Any CPU
		{4A2B911B-E0CC-4FB3-A701-5B856B324C11}.Release|Any CPU.Build.0 = Release|Any CPU
		{E75050EA-A708-46BE-9ACB-DC09E0518053}.Debug|Any CPU.ActiveCfg = Debug|Any CPU
		{E75050EA-A708-46BE-9ACB-DC09E0518053}.Debug|Any CPU.Build.0 = Debug|Any CPU
		{E75050EA-A708-46BE-9ACB-DC09E0518053}.Release|Any CPU.ActiveCfg = Release|Any CPU
		{E75050EA-A708-46BE-9ACB-DC09E0518053}.Release|Any CPU.Build.0 = Release|Any CPU
		{A5A40D30-EA8B-4402-81D8-742D42720D7A}.Debug|Any CPU.ActiveCfg = Debug|Any CPU
		{A5A40D30-EA8B-4402-81D8-742D42720D7A}.Debug|Any CPU.Build.0 = Debug|Any CPU
		{A5A40D30-EA8B-4402-81D8-742D42720D7A}.Release|Any CPU.ActiveCfg = Release|Any CPU
		{A5A40D30-EA8B-4402-81D8-742D42720D7A}.Release|Any CPU.Build.0 = Release|Any CPU
		{85476D1B-7FAE-45C0-962E-5E9A36E7F32D}.Debug|Any CPU.ActiveCfg = Debug|Any CPU
		{85476D1B-7FAE-45C0-962E-5E9A36E7F32D}.Debug|Any CPU.Build.0 = Debug|Any CPU
		{85476D1B-7FAE-45C0-962E-5E9A36E7F32D}.Release|Any CPU.ActiveCfg = Release|Any CPU
		{85476D1B-7FAE-45C0-962E-5E9A36E7F32D}.Release|Any CPU.Build.0 = Release|Any CPU
	EndGlobalSection
	GlobalSection(SolutionProperties) = preSolution
		HideSolutionNode = FALSE
	EndGlobalSection
	GlobalSection(ExtensibilityGlobals) = postSolution
		SolutionGuid = {4193129B-548F-4951-9EA6-DF98C4B101C7}
	EndGlobalSection
EndGlobal
